
Microsoft Visual Studio Solution File, Format Version 12.00
# Visual Studio Version 17
VisualStudioVersion = 17.0.32126.317
MinimumVisualStudioVersion = 10.0.40219.1
Project("{FAE04EC0-301F-11D3-BF4B-00C04F79EFBC}") = "LineComparisonOOPs", "LineComparisonOOPs.csproj", "{575FDE75-4208-4F52-B286-F4173F3B15A6}"
EndProject
Global
	GlobalSection(SolutionConfigurationPlatforms) = preSolution
		Debug|Any CPU = Debug|Any CPU
		Release|Any CPU = Release|Any CPU
	EndGlobalSection
	GlobalSection(ProjectConfigurationPlatforms) = postSolution
		{575FDE75-4208-4F52-B286-F4173F3B15A6}.Debug|Any CPU.ActiveCfg = Debug|Any CPU
		{575FDE75-4208-4F52-B286-F4173F3B15A6}.Debug|Any CPU.Build.0 = Debug|Any CPU
		{575FDE75-4208-4F52-B286-F4173F3B15A6}.Release|Any CPU.ActiveCfg = Release|Any CPU
		{575FDE75-4208-4F52-B286-F4173F3B15A6}.Release|Any CPU.Build.0 = Release|Any CPU
	EndGlobalSection
	GlobalSection(SolutionProperties) = preSolution
		HideSolutionNode = FALSE
	EndGlobalSection
	GlobalSection(ExtensibilityGlobals) = postSolution
		SolutionGuid = {45F00C6D-6766-4B18-A9D7-D314C72FF7F7}
	EndGlobalSection
EndGlobal
